
Microsoft Visual Studio Solution File, Format Version 12.00
# Visual Studio Version 17
VisualStudioVersion = 17.10.34916.146
MinimumVisualStudioVersion = 10.0.40219.1
Project("{9A19103F-16F7-4668-BE54-9A1E7A4F7556}") = "TastyOrders_API", "TastyOrders_API\TastyOrders_API.csproj", "{EA59E1E2-4411-4716-8DB4-4C69FE96B2FF}"
EndProject
Global
	GlobalSection(SolutionConfigurationPlatforms) = preSolution
		Debug|Any CPU = Debug|Any CPU
		Release|Any CPU = Release|Any CPU
	EndGlobalSection
	GlobalSection(ProjectConfigurationPlatforms) = postSolution
		{EA59E1E2-4411-4716-8DB4-4C69FE96B2FF}.Debug|Any CPU.ActiveCfg = Debug|Any CPU
		{EA59E1E2-4411-4716-8DB4-4C69FE96B2FF}.Debug|Any CPU.Build.0 = Debug|Any CPU
		{EA59E1E2-4411-4716-8DB4-4C69FE96B2FF}.Release|Any CPU.ActiveCfg = Release|Any CPU
		{EA59E1E2-4411-4716-8DB4-4C69FE96B2FF}.Release|Any CPU.Build.0 = Release|Any CPU
	EndGlobalSection
	GlobalSection(SolutionProperties) = preSolution
		HideSolutionNode = FALSE
	EndGlobalSection
	GlobalSection(ExtensibilityGlobals) = postSolution
		SolutionGuid = {C6BB7EC3-D247-4A95-BD10-216AD3D419D0}
	EndGlobalSection
EndGlobal
